Microsoft Visual Studio Solution File, Format Version 12.00
# Visual Studio Version 16
VisualStudioVersion = 16.0.28803.352
MinimumVisualStudioVersion = 10.0.40219.1
Project("{FAE04EC0-301F-11D3-BF4B-00C04F79EFBC}") = "HTB4.Android", "HTB4.Android\HTB4.Android.csproj", "{24CE3C36-16B9-426D-AA0C-5961ECF8D88C}"
EndProject
Project("{FAE04EC0-301F-11D3-BF4B-00C04F79EFBC}") = "HTB4.iOS", "HTB4.iOS\HTB4.iOS.csproj", "{36B5BFDC-3248-41E4-BFAB-B0BD7FB1C254}"
EndProject
Project("{9A19103F-16F7-4668-BE54-9A1E7A4F7556}") = "HTB4", "HTB4\HTB4.csproj", "{8C9D46B2-E41C-4306-B9AC-22551A5CD83E}"
EndProject
Project("{9A19103F-16F7-4668-BE54-9A1E7A4F7556}") = "HTB4.Tests", "HTB4.Tests\HTB4.Tests.csproj", "{B9916DEF-E114-4ADB-BA3E-9F73422A5477}"
EndProject
Project("{6EC3EE1D-3C4E-46DD-8F32-0CC8E7565705}") = "CalculationLogic", "CalculationLogic\CalculationLogic.fsproj", "{D41B6264-B8D5-4630-BD8C-B67953D02B01}"
EndProject
Project("{FAE04EC0-301F-11D3-BF4B-00C04F79EFBC}") = "HTB4.UWP", "HTB4.UWP\HTB4.UWP.csproj", "{028C93D0-CDDF-4DBD-AB02-2A79E5E0C40C}"
EndProject
Global
	GlobalSection(SolutionConfigurationPlatforms) = preSolution
		Debug|Any CPU = Debug|Any CPU
		Debug|ARM = Debug|ARM
		Debug|ARM64 = Debug|ARM64
		Debug|iPhone = Debug|iPhone
		Debug|iPhoneSimulator = Debug|iPhoneSimulator
		Debug|x64 = Debug|x64
		Debug|x86 = Debug|x86
		Release|Any CPU = Release|Any CPU
		Release|ARM = Release|ARM
		Release|ARM64 = Release|ARM64
		Release|iPhone = Release|iPhone
		Release|iPhoneSimulator = Release|iPhoneSimulator
		Release|x64 = Release|x64
		Release|x86 = Release|x86
	EndGlobalSection
	GlobalSection(ProjectConfigurationPlatforms) = postSolution
		{24CE3C36-16B9-426D-AA0C-5961ECF8D88C}.Debug|Any CPU.ActiveCfg = Debug|Any CPU
		{24CE3C36-16B9-426D-AA0C-5961ECF8D88C}.Debug|Any CPU.Build.0 = Debug|Any CPU
		{24CE3C36-16B9-426D-AA0C-5961ECF8D88C}.Debug|Any CPU.Deploy.0 = Debug|Any CPU
		{24CE3C36-16B9-426D-AA0C-5961ECF8D88C}.Debug|ARM.ActiveCfg = Debug|Any CPU
		{24CE3C36-16B9-426D-AA0C-5961ECF8D88C}.Debug|ARM.Build.0 = Debug|Any CPU
		{24CE3C36-16B9-426D-AA0C-5961ECF8D88C}.Debug|ARM.Deploy.0 = Debug|Any CPU
		{24CE3C36-16B9-426D-AA0C-5961ECF8D88C}.Debug|ARM64.ActiveCfg = Debug|Any CPU
		{24CE3C36-16B9-426D-AA0C-5961ECF8D88C}.Debug|ARM64.Build.0 = Debug|Any CPU
		{24CE3C36-16B9-426D-AA0C-5961ECF8D88C}.Debug|ARM64.Deploy.0 = Debug|Any CPU
		{24CE3C36-16B9-426D-AA0C-5961ECF8D88C}.Debug|iPhone.ActiveCfg = Debug|Any CPU
		{24CE3C36-16B9-426D-AA0C-5961ECF8D88C}.Debug|iPhone.Build.0 = Debug|Any CPU
		{24CE3C36-16B9-426D-AA0C-5961ECF8D88C}.Debug|iPhoneSimulator.ActiveCfg = Debug|Any CPU
		{24CE3C36-16B9-426D-AA0C-5961ECF8D88C}.Debug|iPhoneSimulator.Build.0 = Debug|Any CPU
		{24CE3C36-16B9-426D-AA0C-5961ECF8D88C}.Debug|iPhoneSimulator.Deploy.0 = Debug|Any CPU
		{24CE3C36-16B9-426D-AA0C-5961ECF8D88C}.Debug|x64.ActiveCfg = Debug|Any CPU
		{24CE3C36-16B9-426D-AA0C-5961ECF8D88C}.Debug|x64.Build.0 = Debug|Any CPU
		{24CE3C36-16B9-426D-AA0C-5961ECF8D88C}.Debug|x64.Deploy.0 = Debug|Any CPU
		{24CE3C36-16B9-426D-AA0C-5961ECF8D88C}.Debug|x86.ActiveCfg = Debug|Any CPU
		{24CE3C36-16B9-426D-AA0C-5961ECF8D88C}.Debug|x86.Build.0 = Debug|Any CPU
		{24CE3C36-16B9-426D-AA0C-5961ECF8D88C}.Debug|x86.Deploy.0 = Debug|Any CPU
		{24CE3C36-16B9-426D-AA0C-5961ECF8D88C}.Release|Any CPU.ActiveCfg = Release|Any CPU
		{24CE3C36-16B9-426D-AA0C-5961ECF8D88C}.Release|Any CPU.Build.0 = Release|Any CPU
		{24CE3C36-16B9-426D-AA0C-5961ECF8D88C}.Release|ARM.ActiveCfg = Release|Any CPU
		{24CE3C36-16B9-426D-AA0C-5961ECF8D88C}.Release|ARM.Build.0 = Release|Any CPU
		{24CE3C36-16B9-426D-AA0C-5961ECF8D88C}.Release|ARM.Deploy.0 = Release|Any CPU
		{24CE3C36-16B9-426D-AA0C-5961ECF8D88C}.Release|ARM64.ActiveCfg = Release|Any CPU
		{24CE3C36-16B9-426D-AA0C-5961ECF8D88C}.Release|ARM64.Build.0 = Release|Any CPU
		{24CE3C36-16B9-426D-AA0C-5961ECF8D88C}.Release|ARM64.Deploy.0 = Release|Any CPU
		{24CE3C36-16B9-426D-AA0C-5961ECF8D88C}.Release|iPhone.ActiveCfg = Release|Any CPU
		{24CE3C36-16B9-426D-AA0C-5961ECF8D88C}.Release|iPhone.Build.0 = Release|Any CPU
		{24CE3C36-16B9-426D-AA0C-5961ECF8D88C}.Release|iPhoneSimulator.ActiveCfg = Release|Any CPU
		{24CE3C36-16B9-426D-AA0C-5961ECF8D88C}.Release|iPhoneSimulator.Build.0 = Release|Any CPU
		{24CE3C36-16B9-426D-AA0C-5961ECF8D88C}.Release|x64.ActiveCfg = Release|Any CPU
		{24CE3C36-16B9-426D-AA0C-5961ECF8D88C}.Release|x64.Build.0 = Release|Any CPU
		{24CE3C36-16B9-426D-AA0C-5961ECF8D88C}.Release|x64.Deploy.0 = Release|Any CPU
		{24CE3C36-16B9-426D-AA0C-5961ECF8D88C}.Release|x86.ActiveCfg = Release|Any CPU
		{24CE3C36-16B9-426D-AA0C-5961ECF8D88C}.Release|x86.Build.0 = Release|Any CPU
		{24CE3C36-16B9-426D-AA0C-5961ECF8D88C}.Release|x86.Deploy.0 = Release|Any CPU
		{36B5BFDC-3248-41E4-BFAB-B0BD7FB1C254}.Debug|Any CPU.ActiveCfg = Debug|iPhoneSimulator
		{36B5BFDC-3248-41E4-BFAB-B0BD7FB1C254}.Debug|Any CPU.Build.0 = Debug|iPhoneSimulator
		{36B5BFDC-3248-41E4-BFAB-B0BD7FB1C254}.Debug|ARM.ActiveCfg = Debug|iPhone
		{36B5BFDC-3248-41E4-BFAB-B0BD7FB1C254}.Debug|ARM64.ActiveCfg = Debug|iPhone
		{36B5BFDC-3248-41E4-BFAB-B0BD7FB1C254}.Debug|iPhone.ActiveCfg = Debug|iPhone
		{36B5BFDC-3248-41E4-BFAB-B0BD7FB1C254}.Debug|iPhone.Build.0 = Debug|iPhone
		{36B5BFDC-3248-41E4-BFAB-B0BD7FB1C254}.Debug|iPhoneSimulator.ActiveCfg = Debug|iPhoneSimulator
		{36B5BFDC-3248-41E4-BFAB-B0BD7FB1C254}.Debug|iPhoneSimulator.Build.0 = Debug|iPhoneSimulator
		{36B5BFDC-3248-41E4-BFAB-B0BD7FB1C254}.Debug|x64.ActiveCfg = Debug|iPhone
		{36B5BFDC-3248-41E4-BFAB-B0BD7FB1C254}.Debug|x86.ActiveCfg = Debug|iPhone
		{36B5BFDC-3248-41E4-BFAB-B0BD7FB1C254}.Release|Any CPU.ActiveCfg = Release|iPhoneSimulator
		{36B5BFDC-3248-41E4-BFAB-B0BD7FB1C254}.Release|Any CPU.Build.0 = Release|iPhoneSimulator
		{36B5BFDC-3248-41E4-BFAB-B0BD7FB1C254}.Release|ARM.ActiveCfg = Release|iPhone
		{36B5BFDC-3248-41E4-BFAB-B0BD7FB1C254}.Release|ARM64.ActiveCfg = Release|iPhone
		{36B5BFDC-3248-41E4-BFAB-B0BD7FB1C254}.Release|iPhone.ActiveCfg = Release|iPhone
		{36B5BFDC-3248-41E4-BFAB-B0BD7FB1C254}.Release|iPhone.Build.0 = Release|iPhone
		{36B5BFDC-3248-41E4-BFAB-B0BD7FB1C254}.Release|iPhoneSimulator.ActiveCfg = Release|iPhoneSimulator
		{36B5BFDC-3248-41E4-BFAB-B0BD7FB1C254}.Release|iPhoneSimulator.Build.0 = Release|iPhoneSimulator
		{36B5BFDC-3248-41E4-BFAB-B0BD7FB1C254}.Release|x64.ActiveCfg = Release|iPhone
		{36B5BFDC-3248-41E4-BFAB-B0BD7FB1C254}.Release|x86.ActiveCfg = Release|iPhone
		{8C9D46B2-E41C-4306-B9AC-22551A5CD83E}.Debug|Any CPU.ActiveCfg = Debug|Any CPU
		{8C9D46B2-E41C-4306-B9AC-22551A5CD83E}.Debug|Any CPU.Build.0 = Debug|Any CPU
		{8C9D46B2-E41C-4306-B9AC-22551A5CD83E}.Debug|ARM.ActiveCfg = Debug|Any CPU
		{8C9D46B2-E41C-4306-B9AC-22551A5CD83E}.Debug|ARM.Build.0 = Debug|Any CPU
		{8C9D46B2-E41C-4306-B9AC-22551A5CD83E}.Debug|ARM64.ActiveCfg = Debug|Any CPU
		{8C9D46B2-E41C-4306-B9AC-22551A5CD83E}.Debug|ARM64.Build.0 = Debug|Any CPU
		{8C9D46B2-E41C-4306-B9AC-22551A5CD83E}.Debug|iPhone.ActiveCfg = Debug|Any CPU
		{8C9D46B2-E41C-4306-B9AC-22551A5CD83E}.Debug|iPhone.Build.0 = Debug|Any CPU
		{8C9D46B2-E41C-4306-B9AC-22551A5CD83E}.Debug|iPhoneSimulator.ActiveCfg = Debug|Any CPU
		{8C9D46B2-E41C-4306-B9AC-22551A5CD83E}.Debug|iPhoneSimulator.Build.0 = Debug|Any CPU
		{8C9D46B2-E41C-4306-B9AC-22551A5CD83E}.Debug|x64.ActiveCfg = Debug|Any CPU
		{8C9D46B2-E41C-4306-B9AC-22551A5CD83E}.Debug|x64.Build.0 = Debug|Any CPU
		{8C9D46B2-E41C-4306-B9AC-22551A5CD83E}.Debug|x86.ActiveCfg = Debug|Any CPU
		{8C9D46B2-E41C-4306-B9AC-22551A5CD83E}.Debug|x86.Build.0 = Debug|Any CPU
		{8C9D46B2-E41C-4306-B9AC-22551A5CD83E}.Release|Any CPU.ActiveCfg = Release|Any CPU
		{8C9D46B2-E41C-4306-B9AC-22551A5CD83E}.Release|Any CPU.Build.0 = Release|Any CPU
		{8C9D46B2-E41C-4306-B9AC-22551A5CD83E}.Release|ARM.ActiveCfg = Release|Any CPU
		{8C9D46B2-E41C-4306-B9AC-22551A5CD83E}.Release|ARM.Build.0 = Release|Any CPU
		{8C9D46B2-E41C-4306-B9AC-22551A5CD83E}.Release|ARM64.ActiveCfg = Release|Any CPU
		{8C9D46B2-E41C-4306-B9AC-22551A5CD83E}.Release|ARM64.Build.0 = Release|Any CPU
		{8C9D46B2-E41C-4306-B9AC-22551A5CD83E}.Release|iPhone.ActiveCfg = Release|Any CPU
		{8C9D46B2-E41C-4306-B9AC-22551A5CD83E}.Release|iPhone.Build.0 = Release|Any CPU
		{8C9D46B2-E41C-4306-B9AC-22551A5CD83E}.Release|iPhoneSimulator.ActiveCfg = Release|Any CPU
		{8C9D46B2-E41C-4306-B9AC-22551A5CD83E}.Release|iPhoneSimulator.Build.0 = Release|Any CPU
		{8C9D46B2-E41C-4306-B9AC-22551A5CD83E}.Release|x64.ActiveCfg = Release|Any CPU
		{8C9D46B2-E41C-4306-B9AC-22551A5CD83E}.Release|x64.Build.0 = Release|Any CPU
		{8C9D46B2-E41C-4306-B9AC-22551A5CD83E}.Release|x86.ActiveCfg = Release|Any CPU
		{8C9D46B2-E41C-4306-B9AC-22551A5CD83E}.Release|x86.Build.0 = Release|Any CPU
		{B9916DEF-E114-4ADB-BA3E-9F73422A5477}.Debug|Any CPU.ActiveCfg = Debug|Any CPU
		{B9916DEF-E114-4ADB-BA3E-9F73422A5477}.Debug|Any CPU.Build.0 = Debug|Any CPU
		{B9916DEF-E114-4ADB-BA3E-9F73422A5477}.Debug|ARM.ActiveCfg = Debug|Any CPU
		{B9916DEF-E114-4ADB-BA3E-9F73422A5477}.Debug|ARM.Build.0 = Debug|Any CPU
		{B9916DEF-E114-4ADB-BA3E-9F73422A5477}.Debug|ARM64.ActiveCfg = Debug|Any CPU
		{B9916DEF-E114-4ADB-BA3E-9F73422A5477}.Debug|ARM64.Build.0 = Debug|Any CPU
		{B9916DEF-E114-4ADB-BA3E-9F73422A5477}.Debug|iPhone.ActiveCfg = Debug|Any CPU
		{B9916DEF-E114-4ADB-BA3E-9F73422A5477}.Debug|iPhone.Build.0 = Debug|Any CPU
		{B9916DEF-E114-4ADB-BA3E-9F73422A5477}.Debug|iPhoneSimulator.ActiveCfg = Debug|Any CPU
		{B9916DEF-E114-4ADB-BA3E-9F73422A5477}.Debug|iPhoneSimulator.Build.0 = Debug|Any CPU
		{B9916DEF-E114-4ADB-BA3E-9F73422A5477}.Debug|x64.ActiveCfg = Debug|Any CPU
		{B9916DEF-E114-4ADB-BA3E-9F73422A5477}.Debug|x64.Build.0 = Debug|Any CPU
		{B9916DEF-E114-4ADB-BA3E-9F73422A5477}.Debug|x86.ActiveCfg = Debug|Any CPU
		{B9916DEF-E114-4ADB-BA3E-9F73422A5477}.Debug|x86.Build.0 = Debug|Any CPU
		{B9916DEF-E114-4ADB-BA3E-9F73422A5477}.Release|Any CPU.ActiveCfg = Release|Any CPU
		{B9916DEF-E114-4ADB-BA3E-9F73422A5477}.Release|Any CPU.Build.0 = Release|Any CPU
		{B9916DEF-E114-4ADB-BA3E-9F73422A5477}.Release|ARM.ActiveCfg = Release|Any CPU
		{B9916DEF-E114-4ADB-BA3E-9F73422A5477}.Release|ARM.Build.0 = Release|Any CPU
		{B9916DEF-E114-4ADB-BA3E-9F73422A5477}.Release|ARM64.ActiveCfg = Release|Any CPU
		{B9916DEF-E114-4ADB-BA3E-9F73422A5477}.Release|ARM64.Build.0 = Release|Any CPU
		{B9916DEF-E114-4ADB-BA3E-9F73422A5477}.Release|iPhone.ActiveCfg = Release|Any CPU
		{B9916DEF-E114-4ADB-BA3E-9F73422A5477}.Release|iPhone.Build.0 = Release|Any CPU
		{B9916DEF-E114-4ADB-BA3E-9F73422A5477}.Release|iPhoneSimulator.ActiveCfg = Release|Any CPU
		{B9916DEF-E114-4ADB-BA3E-9F73422A5477}.Release|iPhoneSimulator.Build.0 = Release|Any CPU
		{B9916DEF-E114-4ADB-BA3E-9F73422A5477}.Release|x64.ActiveCfg = Release|Any CPU
		{B9916DEF-E114-4ADB-BA3E-9F73422A5477}.Release|x64.Build.0 = Release|Any CPU
		{B9916DEF-E114-4ADB-BA3E-9F73422A5477}.Release|x86.ActiveCfg = Release|Any CPU
		{B9916DEF-E114-4ADB-BA3E-9F73422A5477}.Release|x86.Build.0 = Release|Any CPU
		{D41B6264-B8D5-4630-BD8C-B67953D02B01}.Debug|Any CPU.ActiveCfg = Debug|Any CPU
		{D41B6264-B8D5-4630-BD8C-B67953D02B01}.Debug|Any CPU.Build.0 = Debug|Any CPU
		{D41B6264-B8D5-4630-BD8C-B67953D02B01}.Debug|ARM.ActiveCfg = Debug|Any CPU
		{D41B6264-B8D5-4630-BD8C-B67953D02B01}.Debug|ARM.Build.0 = Debug|Any CPU
		{D41B6264-B8D5-4630-BD8C-B67953D02B01}.Debug|ARM64.ActiveCfg = Debug|Any CPU
		{D41B6264-B8D5-4630-BD8C-B67953D02B01}.Debug|ARM64.Build.0 = Debug|Any CPU
		{D41B6264-B8D5-4630-BD8C-B67953D02B01}.Debug|iPhone.ActiveCfg = Debug|Any CPU
		{D41B6264-B8D5-4630-BD8C-B67953D02B01}.Debug|iPhone.Build.0 = Debug|Any CPU
		{D41B6264-B8D5-4630-BD8C-B67953D02B01}.Debug|iPhoneSimulator.ActiveCfg = Debug|Any CPU
		{D41B6264-B8D5-4630-BD8C-B67953D02B01}.Debug|iPhoneSimulator.Build.0 = Debug|Any CPU
		{D41B6264-B8D5-4630-BD8C-B67953D02B01}.Debug|x64.ActiveCfg = Debug|Any CPU
		{D41B6264-B8D5-4630-BD8C-B67953D02B01}.Debug|x64.Build.0 = Debug|Any CPU
		{D41B6264-B8D5-4630-BD8C-B67953D02B01}.Debug|x86.ActiveCfg = Debug|Any CPU
		{D41B6264-B8D5-4630-BD8C-B67953D02B01}.Debug|x86.Build.0 = Debug|Any CPU
		{D41B6264-B8D5-4630-BD8C-B67953D02B01}.Release|Any CPU.ActiveCfg = Release|Any CPU
		{D41B6264-B8D5-4630-BD8C-B67953D02B01}.Release|Any CPU.Build.0 = Release|Any CPU
		{D41B6264-B8D5-4630-BD8C-B67953D02B01}.Release|ARM.ActiveCfg = Release|Any CPU
		{D41B6264-B8D5-4630-BD8C-B67953D02B01}.Release|ARM.Build.0 = Release|Any CPU
		{D41B6264-B8D5-4630-BD8C-B67953D02B01}.Release|ARM64.ActiveCfg = Release|Any CPU
		{D41B6264-B8D5-4630-BD8C-B67953D02B01}.Release|ARM64.Build.0 = Release|Any CPU
		{D41B6264-B8D5-4630-BD8C-B67953D02B01}.Release|iPhone.ActiveCfg = Release|Any CPU
		{D41B6264-B8D5-4630-BD8C-B67953D02B01}.Release|iPhone.Build.0 = Release|Any CPU
		{D41B6264-B8D5-4630-BD8C-B67953D02B01}.Release|iPhoneSimulator.ActiveCfg = Release|Any CPU
		{D41B6264-B8D5-4630-BD8C-B67953D02B01}.Release|iPhoneSimulator.Build.0 = Release|Any CPU
		{D41B6264-B8D5-4630-BD8C-B67953D02B01}.Release|x64.ActiveCfg = Release|Any CPU
		{D41B6264-B8D5-4630-BD8C-B67953D02B01}.Release|x64.Build.0 = Release|Any CPU
		{D41B6264-B8D5-4630-BD8C-B67953D02B01}.Release|x86.ActiveCfg = Release|Any CPU
		{D41B6264-B8D5-4630-BD8C-B67953D02B01}.Release|x86.Build.0 = Release|Any CPU
		{028C93D0-CDDF-4DBD-AB02-2A79E5E0C40C}.Debug|Any CPU.ActiveCfg = Debug|x64
		{028C93D0-CDDF-4DBD-AB02-2A79E5E0C40C}.Debug|Any CPU.Build.0 = Debug|x64
		{028C93D0-CDDF-4DBD-AB02-2A79E5E0C40C}.Debug|Any CPU.Deploy.0 = Debug|x64
		{028C93D0-CDDF-4DBD-AB02-2A79E5E0C40C}.Debug|ARM.ActiveCfg = Debug|ARM
		{028C93D0-CDDF-4DBD-AB02-2A79E5E0C40C}.Debug|ARM.Build.0 = Debug|ARM
		{028C93D0-CDDF-4DBD-AB02-2A79E5E0C40C}.Debug|ARM.Deploy.0 = Debug|ARM
		{028C93D0-CDDF-4DBD-AB02-2A79E5E0C40C}.Debug|ARM64.ActiveCfg = Debug|ARM64
		{028C93D0-CDDF-4DBD-AB02-2A79E5E0C40C}.Debug|ARM64.Build.0 = Debug|ARM64
		{028C93D0-CDDF-4DBD-AB02-2A79E5E0C40C}.Debug|ARM64.Deploy.0 = Debug|ARM64
		{028C93D0-CDDF-4DBD-AB02-2A79E5E0C40C}.Debug|iPhone.ActiveCfg = Debug|x86
		{028C93D0-CDDF-4DBD-AB02-2A79E5E0C40C}.Debug|iPhoneSimulator.ActiveCfg = Debug|x86
		{028C93D0-CDDF-4DBD-AB02-2A79E5E0C40C}.Debug|x64.ActiveCfg = Debug|x64
		{028C93D0-CDDF-4DBD-AB02-2A79E5E0C40C}.Debug|x64.Build.0 = Debug|x64
		{028C93D0-CDDF-4DBD-AB02-2A79E5E0C40C}.Debug|x64.Deploy.0 = Debug|x64
		{028C93D0-CDDF-4DBD-AB02-2A79E5E0C40C}.Debug|x86.ActiveCfg = Debug|x86
		{028C93D0-CDDF-4DBD-AB02-2A79E5E0C40C}.Debug|x86.Build.0 = Debug|x86
		{028C93D0-CDDF-4DBD-AB02-2A79E5E0C40C}.Debug|x86.Deploy.0 = Debug|x86
		{028C93D0-CDDF-4DBD-AB02-2A79E5E0C40C}.Release|Any CPU.ActiveCfg = Release|x86
		{028C93D0-CDDF-4DBD-AB02-2A79E5E0C40C}.Release|ARM.ActiveCfg = Release|ARM
		{028C93D0-CDDF-4DBD-AB02-2A79E5E0C40C}.Release|ARM.Build.0 = Release|ARM
		{028C93D0-CDDF-4DBD-AB02-2A79E5E0C40C}.Release|ARM.Deploy.0 = Release|ARM
		{028C93D0-CDDF-4DBD-AB02-2A79E5E0C40C}.Release|ARM64.ActiveCfg = Release|ARM64
		{028C93D0-CDDF-4DBD-AB02-2A79E5E0C40C}.Release|ARM64.Build.0 = Release|ARM64
		{028C93D0-CDDF-4DBD-AB02-2A79E5E0C40C}.Release|ARM64.Deploy.0 = Release|ARM64
		{028C93D0-CDDF-4DBD-AB02-2A79E5E0C40C}.Release|iPhone.ActiveCfg = Release|x86
		{028C93D0-CDDF-4DBD-AB02-2A79E5E0C40C}.Release|iPhoneSimulator.ActiveCfg = Release|x86
		{028C93D0-CDDF-4DBD-AB02-2A79E5E0C40C}.Release|x64.ActiveCfg = Release|x64
		{028C93D0-CDDF-4DBD-AB02-2A79E5E0C40C}.Release|x64.Build.0 = Release|x64
		{028C93D0-CDDF-4DBD-AB02-2A79E5E0C40C}.Release|x64.Deploy.0 = Release|x64
		{028C93D0-CDDF-4DBD-AB02-2A79E5E0C40C}.Release|x86.ActiveCfg = Release|x86
		{028C93D0-CDDF-4DBD-AB02-2A79E5E0C40C}.Release|x86.Build.0 = Release|x86
		{028C93D0-CDDF-4DBD-AB02-2A79E5E0C40C}.Release|x86.Deploy.0 = Release|x86
	EndGlobalSection
	GlobalSection(SolutionProperties) = preSolution
		HideSolutionNode = FALSE
	EndGlobalSection
	GlobalSection(ExtensibilityGlobals) = postSolution
		SolutionGuid = {52E0E3A5-6B59-4421-A698-E452725B95F5}
	EndGlobalSection
EndGlobal
